<?xml version="1.0" encoding="utf-8"?>
<Project ToolsVersion="4.0" xmlns="http://schemas.microsoft.com/developer/msbuild/2003">
  <ItemGroup>
    <Filter Include="main">
      <UniqueIdentifier>{22014447-a092-436e-93d8-dd7d16a50f74}</UniqueIdentifier>
    </Filter>
  </ItemGroup>
  <ItemGroup>
    <ClCompile Include="main.cpp">
      <Filter>main</Filter>
    </ClCompile>
    <ClCompile Include="videoMarket.cpp" />
  </ItemGroup>
  <ItemGroup>
    <ClInclude Include="videoMarket.h" />
  </ItemGroup>
</Project>